// !$*UTF8*$!
{
	archiveVersion = 1;
	classes = {
	};
	objectVersion = 46;
	objects = {

/* Begin PBXBuildFile section */
		B429DDC71387C7BD001FBB0F /* JSonDownloader.m in Sources */ = {isa = PBXBuildFile; fileRef = B429DDC61387C7BD001FBB0F /* JSonDownloader.m */; };
		B429DDEA1387C954001FBB0F /* NSObject+SBJSON.m in Sources */ = {isa = PBXBuildFile; fileRef = B429DDE11387C954001FBB0F /* NSObject+SBJSON.m */; };
		B429DDEB1387C954001FBB0F /* NSString+SBJSON.m in Sources */ = {isa = PBXBuildFile; fileRef = B429DDE31387C954001FBB0F /* NSString+SBJSON.m */; };
		B429DDEC1387C954001FBB0F /* SBJsonBase.m in Sources */ = {isa = PBXBuildFile; fileRef = B429DDE51387C954001FBB0F /* SBJsonBase.m */; };
		B429DDED1387C954001FBB0F /* SBJsonParser.m in Sources */ = {isa = PBXBuildFile; fileRef = B429DDE71387C954001FBB0F /* SBJsonParser.m */; };
		B429DDEE1387C954001FBB0F /* SBJsonWriter.m in Sources */ = {isa = PBXBuildFile; fileRef = B429DDE91387C954001FBB0F /* SBJsonWriter.m */; };
		B429DDF11387CB2C001FBB0F /* MBProgressHUD.m in Sources */ = {isa = PBXBuildFile; fileRef = B429DDF01387CB2C001FBB0F /* MBProgressHUD.m */; };
		B429DDFD1387CFDD001FBB0F /* EGOCache.m in Sources */ = {isa = PBXBuildFile; fileRef = B429DDF41387CFDD001FBB0F /* EGOCache.m */; };
		B429DDFE1387CFDD001FBB0F /* EGOImageButton.m in Sources */ = {isa = PBXBuildFile; fileRef = B429DDF61387CFDD001FBB0F /* EGOImageButton.m */; };
		B429DDFF1387CFDD001FBB0F /* EGOImageLoadConnection.m in Sources */ = {isa = PBXBuildFile; fileRef = B429DDF81387CFDD001FBB0F /* EGOImageLoadConnection.m */; };
		B429DE001387CFDD001FBB0F /* EGOImageLoader.m in Sources */ = {isa = PBXBuildFile; fileRef = B429DDFA1387CFDD001FBB0F /* EGOImageLoader.m */; };
		B429DE011387CFDD001FBB0F /* EGOImageView.m in Sources */ = {isa = PBXBuildFile; fileRef = B429DDFC1387CFDD001FBB0F /* EGOImageView.m */; };
		B429DE041387D00C001FBB0F /* UIImage+Extra.m in Sources */ = {isa = PBXBuildFile; fileRef = B429DE031387D00C001FBB0F /* UIImage+Extra.m */; };
		B429DE101387D6A1001FBB0F /* AudioStreamer.m in Sources */ = {isa = PBXBuildFile; fileRef = B429DE0F1387D6A1001FBB0F /* AudioStreamer.m */; };
		B429DE121387D6B8001FBB0F /* AudioToolbox.framework in Frameworks */ = {isa = PBXBuildFile; fileRef = B429DE111387D6B7001FBB0F /* AudioToolbox.framework */; };
		B429DE141387D6D3001FBB0F /* MediaPlayer.framework in Frameworks */ = {isa = PBXBuildFile; fileRef = B429DE131387D6D3001FBB0F /* MediaPlayer.framework */; };
		B429DE161387D6E1001FBB0F /* CFNetwork.framework in Frameworks */ = {isa = PBXBuildFile; fileRef = B429DE151387D6E0001FBB0F /* CFNetwork.framework */; };
		B429DE181387D70D001FBB0F /* QuartzCore.framework in Frameworks */ = {isa = PBXBuildFile; fileRef = B429DE171387D70D001FBB0F /* QuartzCore.framework */; };
		B429DE1C1387F600001FBB0F /* Icon.png in Resources */ = {isa = PBXBuildFile; fileRef = B429DE1A1387F600001FBB0F /* Icon.png */; };
		B429DE1D1387F600001FBB0F /* Icon@2x.png in Resources */ = {isa = PBXBuildFile; fileRef = B429DE1B1387F600001FBB0F /* Icon@2x.png */; };
		B429DE201388031C001FBB0F /* NSArray-Blocks.m in Sources */ = {isa = PBXBuildFile; fileRef = B429DE1F1388031B001FBB0F /* NSArray-Blocks.m */; };
		B429DE25138804E8001FBB0F /* NSAttributedString+Attributes.m in Sources */ = {isa = PBXBuildFile; fileRef = B429DE22138804E7001FBB0F /* NSAttributedString+Attributes.m */; };
		B429DE26138804E8001FBB0F /* OHAttributedLabel.m in Sources */ = {isa = PBXBuildFile; fileRef = B429DE24138804E8001FBB0F /* OHAttributedLabel.m */; };
		B429DE281388086F001FBB0F /* CoreText.framework in Frameworks */ = {isa = PBXBuildFile; fileRef = B429DE271388086F001FBB0F /* CoreText.framework */; };
		B429DE2B13881221001FBB0F /* Deafult@2x.png in Resources */ = {isa = PBXBuildFile; fileRef = B429DE2913881221001FBB0F /* Deafult@2x.png */; };
		B429DE2C13881221001FBB0F /* Default.png in Resources */ = {isa = PBXBuildFile; fileRef = B429DE2A13881221001FBB0F /* Default.png */; };
		B429DE2F1388129F001FBB0F /* Background.png in Resources */ = {isa = PBXBuildFile; fileRef = B429DE2D1388129F001FBB0F /* Background.png */; };
		B429DE301388129F001FBB0F /* Background@2x.png in Resources */ = {isa = PBXBuildFile; fileRef = B429DE2E1388129F001FBB0F /* Background@2x.png */; };
		B429DE331388159D001FBB0F /* search.png in Resources */ = {isa = PBXBuildFile; fileRef = B429DE311388159D001FBB0F /* search.png */; };
		B429DE341388159D001FBB0F /* search@2x.png in Resources */ = {isa = PBXBuildFile; fileRef = B429DE321388159D001FBB0F /* search@2x.png */; };
		B429DE3613881AA6001FBB0F /* CoverPlaceHolder.png in Resources */ = {isa = PBXBuildFile; fileRef = B429DE3513881AA6001FBB0F /* CoverPlaceHolder.png */; };
		B46631BD1387C07C003E23CB /* KaraokeMeViewController.m in Sources */ = {isa = PBXBuildFile; fileRef = B46631BB1387C07C003E23CB /* KaraokeMeViewController.m */; };
		B46631BE1387C07C003E23CB /* KaraokeMeViewController.xib in Resources */ = {isa = PBXBuildFile; fileRef = B46631BC1387C07C003E23CB /* KaraokeMeViewController.xib */; };
		B48BC5C81387BEAC0068A875 /* UIKit.framework in Frameworks */ = {isa = PBXBuildFile; fileRef = B48BC5C71387BEAC0068A875 /* UIKit.framework */; };
		B48BC5CA1387BEAC0068A875 /* Foundation.framework in Frameworks */ = {isa = PBXBuildFile; fileRef = B48BC5C91387BEAC0068A875 /* Foundation.framework */; };
		B48BC5CC1387BEAC0068A875 /* CoreGraphics.framework in Frameworks */ = {isa = PBXBuildFile; fileRef = B48BC5CB1387BEAC0068A875 /* CoreGraphics.framework */; };
		B48BC5D21387BEAC0068A875 /* InfoPlist.strings in Resources */ = {isa = PBXBuildFile; fileRef = B48BC5D01387BEAC0068A875 /* InfoPlist.strings */; };
		B48BC5D51387BEAC0068A875 /* main.m in Sources */ = {isa = PBXBuildFile; fileRef = B48BC5D41387BEAC0068A875 /* main.m */; };
		B48BC5D81387BEAC0068A875 /* KaraokeMeAppAppDelegate.m in Sources */ = {isa = PBXBuildFile; fileRef = B48BC5D71387BEAC0068A875 /* KaraokeMeAppAppDelegate.m */; };
		B48BC5DB1387BEAC0068A875 /* MainWindow.xib in Resources */ = {isa = PBXBuildFile; fileRef = B48BC5D91387BEAC0068A875 /* MainWindow.xib */; };
		B48BC5DE1387BEAC0068A875 /* KaraokeMeAppViewController.m in Sources */ = {isa = PBXBuildFile; fileRef = B48BC5DD1387BEAC0068A875 /* KaraokeMeAppViewController.m */; };
		B48BC5E11387BEAC0068A875 /* KaraokeMeAppViewController.xib in Resources */ = {isa = PBXBuildFile; fileRef = B48BC5DF1387BEAC0068A875 /* KaraokeMeAppViewController.xib */; };
/* End PBXBuildFile section */

/* Begin PBXFileReference section */
		B429DDC51387C7BD001FBB0F /* JSonDownloader.h */ = {isa = PBXFileReference; fileEncoding = 4; lastKnownFileType = sourcecode.c.h; path = JSonDownloader.h; sourceTree = "<group>"; };
		B429DDC61387C7BD001FBB0F /* JSonDownloader.m */ = {isa = PBXFileReference; fileEncoding = 4; lastKnownFileType = sourcecode.c.objc; path = JSonDownloader.m; sourceTree = "<group>"; };
		B429DDDF1387C954001FBB0F /* JSON.h */ = {isa = PBXFileReference; fileEncoding = 4; lastKnownFileType = sourcecode.c.h; path = JSON.h; sourceTree = "<group>"; };
		B429DDE01387C954001FBB0F /* NSObject+SBJSON.h */ = {isa = PBXFileReference; fileEncoding = 4; lastKnownFileType = sourcecode.c.h; path = "NSObject+SBJSON.h"; sourceTree = "<group>"; };
		B429DDE11387C954001FBB0F /* NSObject+SBJSON.m */ = {isa = PBXFileReference; fileEncoding = 4; lastKnownFileType = sourcecode.c.objc; path = "NSObject+SBJSON.m"; sourceTree = "<group>"; };
		B429DDE21387C954001FBB0F /* NSString+SBJSON.h */ = {isa = PBXFileReference; fileEncoding = 4; lastKnownFileType = sourcecode.c.h; path = "NSString+SBJSON.h"; sourceTree = "<group>"; };
		B429DDE31387C954001FBB0F /* NSString+SBJSON.m */ = {isa = PBXFileReference; fileEncoding = 4; lastKnownFileType = sourcecode.c.objc; path = "NSString+SBJSON.m"; sourceTree = "<group>"; };
		B429DDE41387C954001FBB0F /* SBJsonBase.h */ = {isa = PBXFileReference; fileEncoding = 4; lastKnownFileType = sourcecode.c.h; path = SBJsonBase.h; sourceTree = "<group>"; };
		B429DDE51387C954001FBB0F /* SBJsonBase.m */ = {isa = PBXFileReference; fileEncoding = 4; lastKnownFileType = sourcecode.c.objc; path = SBJsonBase.m; sourceTree = "<group>"; };
		B429DDE61387C954001FBB0F /* SBJsonParser.h */ = {isa = PBXFileReference; fileEncoding = 4; lastKnownFileType = sourcecode.c.h; path = SBJsonParser.h; sourceTree = "<group>"; };
		B429DDE71387C954001FBB0F /* SBJsonParser.m */ = {isa = PBXFileReference; fileEncoding = 4; lastKnownFileType = sourcecode.c.objc; path = SBJsonParser.m; sourceTree = "<group>"; };
		B429DDE81387C954001FBB0F /* SBJsonWriter.h */ = {isa = PBXFileReference; fileEncoding = 4; lastKnownFileType = sourcecode.c.h; path = SBJsonWriter.h; sourceTree = "<group>"; };
		B429DDE91387C954001FBB0F /* SBJsonWriter.m */ = {isa = PBXFileReference; fileEncoding = 4; lastKnownFileType = sourcecode.c.objc; path = SBJsonWriter.m; sourceTree = "<group>"; };
		B429DDEF1387CB2C001FBB0F /* MBProgressHUD.h */ = {isa = PBXFileReference; fileEncoding = 4; lastKnownFileType = sourcecode.c.h; path = MBProgressHUD.h; sourceTree = "<group>"; };
		B429DDF01387CB2C001FBB0F /* MBProgressHUD.m */ = {isa = PBXFileReference; fileEncoding = 4; lastKnownFileType = sourcecode.c.objc; path = MBProgressHUD.m; sourceTree = "<group>"; };
		B429DDF31387CFDD001FBB0F /* EGOCache.h */ = {isa = PBXFileReference; fileEncoding = 4; lastKnownFileType = sourcecode.c.h; path = EGOCache.h; sourceTree = "<group>"; };
		B429DDF41387CFDD001FBB0F /* EGOCache.m */ = {isa = PBXFileReference; fileEncoding = 4; lastKnownFileType = sourcecode.c.objc; path = EGOCache.m; sourceTree = "<group>"; };
		B429DDF51387CFDD001FBB0F /* EGOImageButton.h */ = {isa = PBXFileReference; fileEncoding = 4; lastKnownFileType = sourcecode.c.h; path = EGOImageButton.h; sourceTree = "<group>"; };
		B429DDF61387CFDD001FBB0F /* EGOImageButton.m */ = {isa = PBXFileReference; fileEncoding = 4; lastKnownFileType = sourcecode.c.objc; path = EGOImageButton.m; sourceTree = "<group>"; };
		B429DDF71387CFDD001FBB0F /* EGOImageLoadConnection.h */ = {isa = PBXFileReference; fileEncoding = 4; lastKnownFileType = sourcecode.c.h; path = EGOImageLoadConnection.h; sourceTree = "<group>"; };
		B429DDF81387CFDD001FBB0F /* EGOImageLoadConnection.m */ = {isa = PBXFileReference; fileEncoding = 4; lastKnownFileType = sourcecode.c.objc; path = EGOImageLoadConnection.m; sourceTree = "<group>"; };
		B429DDF91387CFDD001FBB0F /* EGOImageLoader.h */ = {isa = PBXFileReference; fileEncoding = 4; lastKnownFileType = sourcecode.c.h; path = EGOImageLoader.h; sourceTree = "<group>"; };
		B429DDFA1387CFDD001FBB0F /* EGOImageLoader.m */ = {isa = PBXFileReference; fileEncoding = 4; lastKnownFileType = sourcecode.c.objc; path = EGOImageLoader.m; sourceTree = "<group>"; };
		B429DDFB1387CFDD001FBB0F /* EGOImageView.h */ = {isa = PBXFileReference; fileEncoding = 4; lastKnownFileType = sourcecode.c.h; path = EGOImageView.h; sourceTree = "<group>"; };
		B429DDFC1387CFDD001FBB0F /* EGOImageView.m */ = {isa = PBXFileReference; fileEncoding = 4; lastKnownFileType = sourcecode.c.objc; path = EGOImageView.m; sourceTree = "<group>"; };
		B429DE021387D00C001FBB0F /* UIImage+Extra.h */ = {isa = PBXFileReference; fileEncoding = 4; lastKnownFileType = sourcecode.c.h; path = "UIImage+Extra.h"; sourceTree = "<group>"; };
		B429DE031387D00C001FBB0F /* UIImage+Extra.m */ = {isa = PBXFileReference; fileEncoding = 4; lastKnownFileType = sourcecode.c.objc; path = "UIImage+Extra.m"; sourceTree = "<group>"; };
		B429DE0E1387D6A1001FBB0F /* AudioStreamer.h */ = {isa = PBXFileReference; fileEncoding = 4; lastKnownFileType = sourcecode.c.h; path = AudioStreamer.h; sourceTree = "<group>"; };
		B429DE0F1387D6A1001FBB0F /* AudioStreamer.m */ = {isa = PBXFileReference; fileEncoding = 4; lastKnownFileType = sourcecode.c.objc; path = AudioStreamer.m; sourceTree = "<group>"; };
		B429DE111387D6B7001FBB0F /* AudioToolbox.framework */ = {isa = PBXFileReference; lastKnownFileType = wrapper.framework; name = AudioToolbox.framework; path = System/Library/Frameworks/AudioToolbox.framework; sourceTree = SDKROOT; };
		B429DE131387D6D3001FBB0F /* MediaPlayer.framework */ = {isa = PBXFileReference; lastKnownFileType = wrapper.framework; name = MediaPlayer.framework; path = System/Library/Frameworks/MediaPlayer.framework; sourceTree = SDKROOT; };
		B429DE151387D6E0001FBB0F /* CFNetwork.framework */ = {isa = PBXFileReference; lastKnownFileType = wrapper.framework; name = CFNetwork.framework; path = System/Library/Frameworks/CFNetwork.framework; sourceTree = SDKROOT; };
		B429DE171387D70D001FBB0F /* QuartzCore.framework */ = {isa = PBXFileReference; lastKnownFileType = wrapper.framework; name = QuartzCore.framework; path = System/Library/Frameworks/QuartzCore.framework; sourceTree = SDKROOT; };
		B429DE1A1387F600001FBB0F /* Icon.png */ = {isa = PBXFileReference; lastKnownFileType = image.png; path = Icon.png; sourceTree = "<group>"; };
		B429DE1B1387F600001FBB0F /* Icon@2x.png */ = {isa = PBXFileReference; lastKnownFileType = image.png; path = "Icon@2x.png"; sourceTree = "<group>"; };
		B429DE1E1388031B001FBB0F /* NSArray-Blocks.h */ = {isa = PBXFileReference; fileEncoding = 4; lastKnownFileType = sourcecode.c.h; path = "NSArray-Blocks.h"; sourceTree = "<group>"; };
		B429DE1F1388031B001FBB0F /* NSArray-Blocks.m */ = {isa = PBXFileReference; fileEncoding = 4; lastKnownFileType = sourcecode.c.objc; path = "NSArray-Blocks.m"; sourceTree = "<group>"; };
		B429DE21138804E7001FBB0F /* NSAttributedString+Attributes.h */ = {isa = PBXFileReference; fileEncoding = 4; lastKnownFileType = sourcecode.c.h; path = "NSAttributedString+Attributes.h"; sourceTree = "<group>"; };
		B429DE22138804E7001FBB0F /* NSAttributedString+Attributes.m */ = {isa = PBXFileReference; fileEncoding = 4; lastKnownFileType = sourcecode.c.objc; path = "NSAttributedString+Attributes.m"; sourceTree = "<group>"; };
		B429DE23138804E7001FBB0F /* OHAttributedLabel.h */ = {isa = PBXFileReference; fileEncoding = 4; lastKnownFileType = sourcecode.c.h; path = OHAttributedLabel.h; sourceTree = "<group>"; };
		B429DE24138804E8001FBB0F /* OHAttributedLabel.m */ = {isa = PBXFileReference; fileEncoding = 4; lastKnownFileType = sourcecode.c.objc; path = OHAttributedLabel.m; sourceTree = "<group>"; };
		B429DE271388086F001FBB0F /* CoreText.framework */ = {isa = PBXFileReference; lastKnownFileType = wrapper.framework; name = CoreText.framework; path = System/Library/Frameworks/CoreText.framework; sourceTree = SDKROOT; };
		B429DE2913881221001FBB0F /* Deafult@2x.png */ = {isa = PBXFileReference; lastKnownFileType = image.png; path = "Deafult@2x.png"; sourceTree = "<group>"; };
		B429DE2A13881221001FBB0F /* Default.png */ = {isa = PBXFileReference; lastKnownFileType = image.png; path = Default.png; sourceTree = "<group>"; };
		B429DE2D1388129F001FBB0F /* Background.png */ = {isa = PBXFileReference; lastKnownFileType = image.png; path = Background.png; sourceTree = "<group>"; };
		B429DE2E1388129F001FBB0F /* Background@2x.png */ = {isa = PBXFileReference; lastKnownFileType = image.png; path = "Background@2x.png"; sourceTree = "<group>"; };
		B429DE311388159D001FBB0F /* search.png */ = {isa = PBXFileReference; lastKnownFileType = image.png; path = search.png; sourceTree = "<group>"; };
		B429DE321388159D001FBB0F /* search@2x.png */ = {isa = PBXFileReference; lastKnownFileType = image.png; path = "search@2x.png"; sourceTree = "<group>"; };
		B429DE3513881AA6001FBB0F /* CoverPlaceHolder.png */ = {isa = PBXFileReference; lastKnownFileType = image.png; path = CoverPlaceHolder.png; sourceTree = "<group>"; };
		B46631BA1387C07C003E23CB /* KaraokeMeViewController.h */ = {isa = PBXFileReference; fileEncoding = 4; lastKnownFileType = sourcecode.c.h; path = KaraokeMeViewController.h; sourceTree = "<group>"; };
		B46631BB1387C07C003E23CB /* KaraokeMeViewController.m */ = {isa = PBXFileReference; fileEncoding = 4; lastKnownFileType = sourcecode.c.objc; path = KaraokeMeViewController.m; sourceTree = "<group>"; };
		B46631BC1387C07C003E23CB /* KaraokeMeViewController.xib */ = {isa = PBXFileReference; fileEncoding = 4; lastKnownFileType = file.xib; path = KaraokeMeViewController.xib; sourceTree = "<group>"; };
		B48BC5C31387BEAC0068A875 /* KaraokeMeApp.app */ = {isa = PBXFileReference; explicitFileType = wrapper.application; includeInIndex = 0; path = KaraokeMeApp.app; sourceTree = BUILT_PRODUCTS_DIR; };
		B48BC5C71387BEAC0068A875 /* UIKit.framework */ = {isa = PBXFileReference; lastKnownFileType = wrapper.framework; name = UIKit.framework; path = System/Library/Frameworks/UIKit.framework; sourceTree = SDKROOT; };
		B48BC5C91387BEAC0068A875 /* Foundation.framework */ = {isa = PBXFileReference; lastKnownFileType = wrapper.framework; name = Foundation.framework; path = System/Library/Frameworks/Foundation.framework; sourceTree = SDKROOT; };
		B48BC5CB1387BEAC0068A875 /* CoreGraphics.framework */ = {isa = PBXFileReference; lastKnownFileType = wrapper.framework; name = CoreGraphics.framework; path = System/Library/Frameworks/CoreGraphics.framework; sourceTree = SDKROOT; };
		B48BC5CF1387BEAC0068A875 /* KaraokeMeApp-Info.plist */ = {isa = PBXFileReference; lastKnownFileType = text.plist.xml; path = "KaraokeMeApp-Info.plist"; sourceTree = "<group>"; };
		B48BC5D11387BEAC0068A875 /* en */ = {isa = PBXFileReference; lastKnownFileType = text.plist.strings; name = en; path = en.lproj/InfoPlist.strings; sourceTree = "<group>"; };
		B48BC5D31387BEAC0068A875 /* KaraokeMeApp-Prefix.pch */ = {isa = PBXFileReference; lastKnownFileType = sourcecode.c.h; path = "KaraokeMeApp-Prefix.pch"; sourceTree = "<group>"; };
		B48BC5D41387BEAC0068A875 /* main.m */ = {isa = PBXFileReference; lastKnownFileType = sourcecode.c.objc; path = main.m; sourceTree = "<group>"; };
		B48BC5D61387BEAC0068A875 /* KaraokeMeAppAppDelegate.h */ = {isa = PBXFileReference; lastKnownFileType = sourcecode.c.h; path = KaraokeMeAppAppDelegate.h; sourceTree = "<group>"; };
		B48BC5D71387BEAC0068A875 /* KaraokeMeAppAppDelegate.m */ = {isa = PBXFileReference; lastKnownFileType = sourcecode.c.objc; path = KaraokeMeAppAppDelegate.m; sourceTree = "<group>"; };
		B48BC5DA1387BEAC0068A875 /* en */ = {isa = PBXFileReference; lastKnownFileType = file.xib; name = en; path = en.lproj/MainWindow.xib; sourceTree = "<group>"; };
		B48BC5DC1387BEAC0068A875 /* KaraokeMeAppViewController.h */ = {isa = PBXFileReference; lastKnownFileType = sourcecode.c.h; path = KaraokeMeAppViewController.h; sourceTree = "<group>"; };
		B48BC5DD1387BEAC0068A875 /* KaraokeMeAppViewController.m */ = {isa = PBXFileReference; lastKnownFileType = sourcecode.c.objc; path = KaraokeMeAppViewController.m; sourceTree = "<group>"; };
		B48BC5E01387BEAC0068A875 /* en */ = {isa = PBXFileReference; lastKnownFileType = file.xib; name = en; path = en.lproj/KaraokeMeAppViewController.xib; sourceTree = "<group>"; };
/* End PBXFileReference section */

/* Begin PBXFrameworksBuildPhase section */
		B48BC5C01387BEAC0068A875 /* Frameworks */ = {
			isa = PBXFrameworksBuildPhase;
			buildActionMask = 2147483647;
			files = (
				B429DE281388086F001FBB0F /* CoreText.framework in Frameworks */,
				B429DE181387D70D001FBB0F /* QuartzCore.framework in Frameworks */,
				B429DE161387D6E1001FBB0F /* CFNetwork.framework in Frameworks */,
				B429DE141387D6D3001FBB0F /* MediaPlayer.framework in Frameworks */,
				B429DE121387D6B8001FBB0F /* AudioToolbox.framework in Frameworks */,
				B48BC5C81387BEAC0068A875 /* UIKit.framework in Frameworks */,
				B48BC5CA1387BEAC0068A875 /* Foundation.framework in Frameworks */,
				B48BC5CC1387BEAC0068A875 /* CoreGraphics.framework in Frameworks */,
			);
			runOnlyForDeploymentPostprocessing = 0;
		};
/* End PBXFrameworksBuildPhase section */

/* Begin PBXGroup section */
		B429DDDD1387C8FD001FBB0F /* Extra */ = {
			isa = PBXGroup;
			children = (
				B429DE21138804E7001FBB0F /* NSAttributedString+Attributes.h */,
				B429DE22138804E7001FBB0F /* NSAttributedString+Attributes.m */,
				B429DE23138804E7001FBB0F /* OHAttributedLabel.h */,
				B429DE24138804E8001FBB0F /* OHAttributedLabel.m */,
				B429DE1E1388031B001FBB0F /* NSArray-Blocks.h */,
				B429DE1F1388031B001FBB0F /* NSArray-Blocks.m */,
				B429DE0D1387D5A4001FBB0F /* MP3Player */,
				B429DE021387D00C001FBB0F /* UIImage+Extra.h */,
				B429DE031387D00C001FBB0F /* UIImage+Extra.m */,
				B429DDF21387CF9E001FBB0F /* EGO */,
				B429DDEF1387CB2C001FBB0F /* MBProgressHUD.h */,
				B429DDF01387CB2C001FBB0F /* MBProgressHUD.m */,
				B429DDDE1387C93C001FBB0F /* JSON */,
			);
			name = Extra;
			sourceTree = "<group>";
		};
		B429DDDE1387C93C001FBB0F /* JSON */ = {
			isa = PBXGroup;
			children = (
				B429DDDF1387C954001FBB0F /* JSON.h */,
				B429DDE01387C954001FBB0F /* NSObject+SBJSON.h */,
				B429DDE11387C954001FBB0F /* NSObject+SBJSON.m */,
				B429DDE21387C954001FBB0F /* NSString+SBJSON.h */,
				B429DDE31387C954001FBB0F /* NSString+SBJSON.m */,
				B429DDE41387C954001FBB0F /* SBJsonBase.h */,
				B429DDE51387C954001FBB0F /* SBJsonBase.m */,
				B429DDE61387C954001FBB0F /* SBJsonParser.h */,
				B429DDE71387C954001FBB0F /* SBJsonParser.m */,
				B429DDE81387C954001FBB0F /* SBJsonWriter.h */,
				B429DDE91387C954001FBB0F /* SBJsonWriter.m */,
			);
			name = JSON;
			sourceTree = "<group>";
		};
		B429DDF21387CF9E001FBB0F /* EGO */ = {
			isa = PBXGroup;
			children = (
				B429DDF31387CFDD001FBB0F /* EGOCache.h */,
				B429DDF41387CFDD001FBB0F /* EGOCache.m */,
				B429DDF51387CFDD001FBB0F /* EGOImageButton.h */,
				B429DDF61387CFDD001FBB0F /* EGOImageButton.m */,
				B429DDF71387CFDD001FBB0F /* EGOImageLoadConnection.h */,
				B429DDF81387CFDD001FBB0F /* EGOImageLoadConnection.m */,
				B429DDF91387CFDD001FBB0F /* EGOImageLoader.h */,
				B429DDFA1387CFDD001FBB0F /* EGOImageLoader.m */,
				B429DDFB1387CFDD001FBB0F /* EGOImageView.h */,
				B429DDFC1387CFDD001FBB0F /* EGOImageView.m */,
			);
			name = EGO;
			sourceTree = "<group>";
		};
		B429DE0D1387D5A4001FBB0F /* MP3Player */ = {
			isa = PBXGroup;
			children = (
				B429DE0E1387D6A1001FBB0F /* AudioStreamer.h */,
				B429DE0F1387D6A1001FBB0F /* AudioStreamer.m */,
			);
			name = MP3Player;
			sourceTree = "<group>";
		};
		B429DE191387F5EA001FBB0F /* Resources */ = {
			isa = PBXGroup;
			children = (
				B429DE3513881AA6001FBB0F /* CoverPlaceHolder.png */,
				B429DE311388159D001FBB0F /* search.png */,
				B429DE321388159D001FBB0F /* search@2x.png */,
				B429DE2D1388129F001FBB0F /* Background.png */,
				B429DE2E1388129F001FBB0F /* Background@2x.png */,
				B429DE2913881221001FBB0F /* Deafult@2x.png */,
				B429DE2A13881221001FBB0F /* Default.png */,
				B429DE1A1387F600001FBB0F /* Icon.png */,
				B429DE1B1387F600001FBB0F /* Icon@2x.png */,
			);
			name = Resources;
			sourceTree = "<group>";
		};
		B48BC5B81387BEAC0068A875 = {
			isa = PBXGroup;
			children = (
				B429DE271388086F001FBB0F /* CoreText.framework */,
				B429DE191387F5EA001FBB0F /* Resources */,
				B429DE171387D70D001FBB0F /* QuartzCore.framework */,
				B429DE151387D6E0001FBB0F /* CFNetwork.framework */,
				B429DE131387D6D3001FBB0F /* MediaPlayer.framework */,
				B429DE111387D6B7001FBB0F /* AudioToolbox.framework */,
				B429DDDD1387C8FD001FBB0F /* Extra */,
				B48BC5CD1387BEAC0068A875 /* KaraokeMeApp */,
				B48BC5C61387BEAC0068A875 /* Frameworks */,
				B48BC5C41387BEAC0068A875 /* Products */,
			);
			sourceTree = "<group>";
		};
		B48BC5C41387BEAC0068A875 /* Products */ = {
			isa = PBXGroup;
			children = (
				B48BC5C31387BEAC0068A875 /* KaraokeMeApp.app */,
			);
			name = Products;
			sourceTree = "<group>";
		};
		B48BC5C61387BEAC0068A875 /* Frameworks */ = {
			isa = PBXGroup;
			children = (
				B48BC5C71387BEAC0068A875 /* UIKit.framework */,
				B48BC5C91387BEAC0068A875 /* Foundation.framework */,
				B48BC5CB1387BEAC0068A875 /* CoreGraphics.framework */,
			);
			name = Frameworks;
			sourceTree = "<group>";
		};
		B48BC5CD1387BEAC0068A875 /* KaraokeMeApp */ = {
			isa = PBXGroup;
			children = (
				B48BC5D61387BEAC0068A875 /* KaraokeMeAppAppDelegate.h */,
				B48BC5D71387BEAC0068A875 /* KaraokeMeAppAppDelegate.m */,
				B48BC5D91387BEAC0068A875 /* MainWindow.xib */,
				B48BC5DC1387BEAC0068A875 /* KaraokeMeAppViewController.h */,
				B48BC5DD1387BEAC0068A875 /* KaraokeMeAppViewController.m */,
				B48BC5DF1387BEAC0068A875 /* KaraokeMeAppViewController.xib */,
				B48BC5CE1387BEAC0068A875 /* Supporting Files */,
				B46631BA1387C07C003E23CB /* KaraokeMeViewController.h */,
				B46631BB1387C07C003E23CB /* KaraokeMeViewController.m */,
				B46631BC1387C07C003E23CB /* KaraokeMeViewController.xib */,
				B429DDC51387C7BD001FBB0F /* JSonDownloader.h */,
				B429DDC61387C7BD001FBB0F /* JSonDownloader.m */,
			);
			path = KaraokeMeApp;
			sourceTree = "<group>";
		};
		B48BC5CE1387BEAC0068A875 /* Supporting Files */ = {
			isa = PBXGroup;
			children = (
				B48BC5CF1387BEAC0068A875 /* KaraokeMeApp-Info.plist */,
				B48BC5D01387BEAC0068A875 /* InfoPlist.strings */,
				B48BC5D31387BEAC0068A875 /* KaraokeMeApp-Prefix.pch */,
				B48BC5D41387BEAC0068A875 /* main.m */,
			);
			name = "Supporting Files";
			sourceTree = "<group>";
		};
/* End PBXGroup section */

/* Begin PBXNativeTarget section */
		B48BC5C21387BEAC0068A875 /* KaraokeMeApp */ = {
			isa = PBXNativeTarget;
			buildConfigurationList = B48BC5E41387BEAC0068A875 /* Build configuration list for PBXNativeTarget "KaraokeMeApp" */;
			buildPhases = (
				B48BC5BF1387BEAC0068A875 /* Sources */,
				B48BC5C01387BEAC0068A875 /* Frameworks */,
				B48BC5C11387BEAC0068A875 /* Resources */,
			);
			buildRules = (
			);
			dependencies = (
			);
			name = KaraokeMeApp;
			productName = KaraokeMeApp;
			productReference = B48BC5C31387BEAC0068A875 /* KaraokeMeApp.app */;
			productType = "com.apple.product-type.application";
		};
/* End PBXNativeTarget section */

/* Begin PBXProject section */
		B48BC5BA1387BEAC0068A875 /* Project object */ = {
			isa = PBXProject;
			attributes = {
				ORGANIZATIONNAME = Cleancode;
			};
			buildConfigurationList = B48BC5BD1387BEAC0068A875 /* Build configuration list for PBXProject "KaraokeMeApp" */;
			compatibilityVersion = "Xcode 3.2";
			developmentRegion = English;
			hasScannedForEncodings = 0;
			knownRegions = (
				en,
			);
			mainGroup = B48BC5B81387BEAC0068A875;
			productRefGroup = B48BC5C41387BEAC0068A875 /* Products */;
			projectDirPath = "";
			projectRoot = "";
			targets = (
				B48BC5C21387BEAC0068A875 /* KaraokeMeApp */,
			);
		};
/* End PBXProject section */

/* Begin PBXResourcesBuildPhase section */
		B48BC5C11387BEAC0068A875 /* Resources */ = {
			isa = PBXResourcesBuildPhase;
			buildActionMask = 2147483647;
			files = (
				B48BC5D21387BEAC0068A875 /* InfoPlist.strings in Resources */,
				B48BC5DB1387BEAC0068A875 /* MainWindow.xib in Resources */,
				B48BC5E11387BEAC0068A875 /* KaraokeMeAppViewController.xib in Resources */,
				B46631BE1387C07C003E23CB /* KaraokeMeViewController.xib in Resources */,
				B429DE1C1387F600001FBB0F /* Icon.png in Resources */,
				B429DE1D1387F600001FBB0F /* Icon@2x.png in Resources */,
				B429DE2B13881221001FBB0F /* Deafult@2x.png in Resources */,
				B429DE2C13881221001FBB0F /* Default.png in Resources */,
				B429DE2F1388129F001FBB0F /* Background.png in Resources */,
				B429DE301388129F001FBB0F /* Background@2x.png in Resources */,
				B429DE331388159D001FBB0F /* search.png in Resources */,
				B429DE341388159D001FBB0F /* search@2x.png in Resources */,
				B429DE3613881AA6001FBB0F /* CoverPlaceHolder.png in Resources */,
			);
			runOnlyForDeploymentPostprocessing = 0;
		};
/* End PBXResourcesBuildPhase section */

/* Begin PBXSourcesBuildPhase section */
		B48BC5BF1387BEAC0068A875 /* Sources */ = {
			isa = PBXSourcesBuildPhase;
			buildActionMask = 2147483647;
			files = (
				B48BC5D51387BEAC0068A875 /* main.m in Sources */,
				B48BC5D81387BEAC0068A875 /* KaraokeMeAppAppDelegate.m in Sources */,
				B48BC5DE1387BEAC0068A875 /* KaraokeMeAppViewController.m in Sources */,
				B46631BD1387C07C003E23CB /* KaraokeMeViewController.m in Sources */,
				B429DDC71387C7BD001FBB0F /* JSonDownloader.m in Sources */,
				B429DDEA1387C954001FBB0F /* NSObject+SBJSON.m in Sources */,
				B429DDEB1387C954001FBB0F /* NSString+SBJSON.m in Sources */,
				B429DDEC1387C954001FBB0F /* SBJsonBase.m in Sources */,
				B429DDED1387C954001FBB0F /* SBJsonParser.m in Sources */,
				B429DDEE1387C954001FBB0F /* SBJsonWriter.m in Sources */,
				B429DDF11387CB2C001FBB0F /* MBProgressHUD.m in Sources */,
				B429DDFD1387CFDD001FBB0F /* EGOCache.m in Sources */,
				B429DDFE1387CFDD001FBB0F /* EGOImageButton.m in Sources */,
				B429DDFF1387CFDD001FBB0F /* EGOImageLoadConnection.m in Sources */,
				B429DE001387CFDD001FBB0F /* EGOImageLoader.m in Sources */,
				B429DE011387CFDD001FBB0F /* EGOImageView.m in Sources */,
				B429DE041387D00C001FBB0F /* UIImage+Extra.m in Sources */,
				B429DE101387D6A1001FBB0F /* AudioStreamer.m in Sources */,
				B429DE201388031C001FBB0F /* NSArray-Blocks.m in Sources */,
				B429DE25138804E8001FBB0F /* NSAttributedString+Attributes.m in Sources */,
				B429DE26138804E8001FBB0F /* OHAttributedLabel.m in Sources */,
			);
			runOnlyForDeploymentPostprocessing = 0;
		};
/* End PBXSourcesBuildPhase section */

/* Begin PBXVariantGroup section */
		B48BC5D01387BEAC0068A875 /* InfoPlist.strings */ = {
			isa = PBXVariantGroup;
			children = (
				B48BC5D11387BEAC0068A875 /* en */,
			);
			name = InfoPlist.strings;
			sourceTree = "<group>";
		};
		B48BC5D91387BEAC0068A875 /* MainWindow.xib */ = {
			isa = PBXVariantGroup;
			children = (
				B48BC5DA1387BEAC0068A875 /* en */,
			);
			name = MainWindow.xib;
			sourceTree = "<group>";
		};
		B48BC5DF1387BEAC0068A875 /* KaraokeMeAppViewController.xib */ = {
			isa = PBXVariantGroup;
			children = (
				B48BC5E01387BEAC0068A875 /* en */,
			);
			name = KaraokeMeAppViewController.xib;
			sourceTree = "<group>";
		};
/* End PBXVariantGroup section */

/* Begin XCBuildConfiguration section */
		B48BC5E21387BEAC0068A875 /* Debug */ = {
			isa = XCBuildConfiguration;
			buildSettings = {
				ARCHS = "$(ARCHS_STANDARD_32_BIT)";
				"CODE_SIGN_IDENTITY[sdk=iphoneos*]" = "iPhone Developer";
				GCC_C_LANGUAGE_STANDARD = gnu99;
				GCC_OPTIMIZATION_LEVEL = 0;
				GCC_PREPROCESSOR_DEFINITIONS = DEBUG;
				GCC_SYMBOLS_PRIVATE_EXTERN = NO;
				GCC_VERSION = com.apple.compilers.llvmgcc42;
				GCC_WARN_ABOUT_RETURN_TYPE = YES;
				GCC_WARN_UNUSED_VARIABLE = YES;
				IPHONEOS_DEPLOYMENT_TARGET = 4.3;
				SDKROOT = iphoneos;
			};
			name = Debug;
		};
		B48BC5E31387BEAC0068A875 /* Release */ = {
			isa = XCBuildConfiguration;
			buildSettings = {
				ARCHS = "$(ARCHS_STANDARD_32_BIT)";
				"CODE_SIGN_IDENTITY[sdk=iphoneos*]" = "iPhone Developer";
				GCC_C_LANGUAGE_STANDARD = gnu99;
				GCC_VERSION = com.apple.compilers.llvmgcc42;
				GCC_WARN_ABOUT_RETURN_TYPE = YES;
				GCC_WARN_UNUSED_VARIABLE = YES;
				IPHONEOS_DEPLOYMENT_TARGET = 4.3;
				OTHER_CFLAGS = "-DNS_BLOCK_ASSERTIONS=1";
				SDKROOT = iphoneos;
			};
			name = Release;
		};
		B48BC5E51387BEAC0068A875 /* Debug */ = {
			isa = XCBuildConfiguration;
			buildSettings = {
				ALWAYS_SEARCH_USER_PATHS = NO;
				COPY_PHASE_STRIP = NO;
				GCC_DYNAMIC_NO_PIC = NO;
				GCC_PRECOMPILE_PREFIX_HEADER = YES;
				GCC_PREFIX_HEADER = "KaraokeMeApp/KaraokeMeApp-Prefix.pch";
				INFOPLIST_FILE = "KaraokeMeApp/KaraokeMeApp-Info.plist";
				PRODUCT_NAME = "$(TARGET_NAME)";
				WRAPPER_EXTENSION = app;
			};
			name = Debug;
		};
		B48BC5E61387BEAC0068A875 /* Release */ = {
			isa = XCBuildConfiguration;
			buildSettings = {
				ALWAYS_SEARCH_USER_PATHS = NO;
				COPY_PHASE_STRIP = YES;
				GCC_PRECOMPILE_PREFIX_HEADER = YES;
				GCC_PREFIX_HEADER = "KaraokeMeApp/KaraokeMeApp-Prefix.pch";
				INFOPLIST_FILE = "KaraokeMeApp/KaraokeMeApp-Info.plist";
				PRODUCT_NAME = "$(TARGET_NAME)";
				VALIDATE_PRODUCT = YES;
				WRAPPER_EXTENSION = app;
			};
			name = Release;
		};
/* End XCBuildConfiguration section */

/* Begin XCConfigurationList section */
		B48BC5BD1387BEAC0068A875 /* Build configuration list for PBXProject "KaraokeMeApp" */ = {
			isa = XCConfigurationList;
			buildConfigurations = (
				B48BC5E21387BEAC0068A875 /* Debug */,
				B48BC5E31387BEAC0068A875 /* Release */,
			);
			defaultConfigurationIsVisible = 0;
			defaultConfigurationName = Release;
		};
		B48BC5E41387BEAC0068A875 /* Build configuration list for PBXNativeTarget "KaraokeMeApp" */ = {
			isa = XCConfigurationList;
			buildConfigurations = (
				B48BC5E51387BEAC0068A875 /* Debug */,
				B48BC5E61387BEAC0068A875 /* Release */,
			);
			defaultConfigurationIsVisible = 0;
			defaultConfigurationName = Release;
		};
/* End XCConfigurationList section */
	};
	rootObject = B48BC5BA1387BEAC0068A875 /* Project object */;
}
